// !$*UTF8*$!
{
	archiveVersion = 1;
	classes = {
	};
	objectVersion = 50;
	objects = {

/* Begin PBXBuildFile section */
		AB5DCF53256704990016C4CA /* WidgetIntroApp.swift in Sources */ = {isa = PBXBuildFile; fileRef = AB5DCF52256704990016C4CA /* WidgetIntroApp.swift */; };
		AB5DCF55256704990016C4CA /* ContentView.swift in Sources */ = {isa = PBXBuildFile; fileRef = AB5DCF54256704990016C4CA /* ContentView.swift */; };
		AB5DCF572567049C0016C4CA /* Assets.xcassets in Resources */ = {isa = PBXBuildFile; fileRef = AB5DCF562567049C0016C4CA /* Assets.xcassets */; };
		AB5DCF5A2567049C0016C4CA /* Preview Assets.xcassets in Resources */ = {isa = PBXBuildFile; fileRef = AB5DCF592567049C0016C4CA /* Preview Assets.xcassets */; };
		AB5DCF69256706690016C4CA /* WidgetKit.framework in Frameworks */ = {isa = PBXBuildFile; fileRef = AB5DCF68256706690016C4CA /* WidgetKit.framework */; };
		AB5DCF6B256706690016C4CA /* SwiftUI.framework in Frameworks */ = {isa = PBXBuildFile; fileRef = AB5DCF6A256706690016C4CA /* SwiftUI.framework */; };
		AB5DCF6E256706690016C4CA /* WidgetIntroExt.swift in Sources */ = {isa = PBXBuildFile; fileRef = AB5DCF6D256706690016C4CA /* WidgetIntroExt.swift */; };
		AB5DCF712567066B0016C4CA /* Assets.xcassets in Resources */ = {isa = PBXBuildFile; fileRef = AB5DCF702567066B0016C4CA /* Assets.xcassets */; };
		AB5DCF732567066B0016C4CA /* WidgetIntroExt.intentdefinition in Sources */ = {isa = PBXBuildFile; fileRef = AB5DCF6F256706690016C4CA /* WidgetIntroExt.intentdefinition */; };
		AB5DCF742567066B0016C4CA /* WidgetIntroExt.intentdefinition in Sources */ = {isa = PBXBuildFile; fileRef = AB5DCF6F256706690016C4CA /* WidgetIntroExt.intentdefinition */; };
		AB5DCF772567066B0016C4CA /* WidgetIntroExtExtension.appex in Embed App Extensions */ = {isa = PBXBuildFile; fileRef = AB5DCF66256706690016C4CA /* WidgetIntroExtExtension.appex */; settings = {ATTRIBUTES = (RemoveHeadersOnCopy, ); }; };
		AB5DCF7F25670E160016C4CA /* InfoboxView.swift in Sources */ = {isa = PBXBuildFile; fileRef = AB5DCF7E25670E160016C4CA /* InfoboxView.swift */; };
		AB5DCF8225670EC80016C4CA /* InfoboxView.swift in Sources */ = {isa = PBXBuildFile; fileRef = AB5DCF7E25670E160016C4CA /* InfoboxView.swift */; };
/* End PBXBuildFile section */

/* Begin PBXContainerItemProxy section */
		AB5DCF752567066B0016C4CA /* PBXContainerItemProxy */ = {
			isa = PBXContainerItemProxy;
			containerPortal = AB5DCF47256704990016C4CA /* Project object */;
			proxyType = 1;
			remoteGlobalIDString = AB5DCF65256706690016C4CA;
			remoteInfo = WidgetIntroExtExtension;
		};
/* End PBXContainerItemProxy section */

/* Begin PBXCopyFilesBuildPhase section */
		AB5DCF7B2567066B0016C4CA /* Embed App Extensions */ = {
			isa = PBXCopyFilesBuildPhase;
			buildActionMask = 2147483647;
			dstPath = "";
			dstSubfolderSpec = 13;
			files = (
				AB5DCF772567066B0016C4CA /* WidgetIntroExtExtension.appex in Embed App Extensions */,
			);
			name = "Embed App Extensions";
			runOnlyForDeploymentPostprocessing = 0;
		};
/* End PBXCopyFilesBuildPhase section */

/* Begin PBXFileReference section */
		AB5DCF4F256704990016C4CA /* WidgetIntro.app */ = {isa = PBXFileReference; explicitFileType = wrapper.application; includeInIndex = 0; path = WidgetIntro.app; sourceTree = BUILT_PRODUCTS_DIR; };
		AB5DCF52256704990016C4CA /* WidgetIntroApp.swift */ = {isa = PBXFileReference; lastKnownFileType = sourcecode.swift; path = WidgetIntroApp.swift; sourceTree = "<group>"; };
		AB5DCF54256704990016C4CA /* ContentView.swift */ = {isa = PBXFileReference; lastKnownFileType = sourcecode.swift; path = ContentView.swift; sourceTree = "<group>"; };
		AB5DCF562567049C0016C4CA /* Assets.xcassets */ = {isa = PBXFileReference; lastKnownFileType = folder.assetcatalog; path = Assets.xcassets; sourceTree = "<group>"; };
		AB5DCF592567049C0016C4CA /* Preview Assets.xcassets */ = {isa = PBXFileReference; lastKnownFileType = folder.assetcatalog; path = "Preview Assets.xcassets"; sourceTree = "<group>"; };
		AB5DCF5B2567049C0016C4CA /* Info.plist */ = {isa = PBXFileReference; lastKnownFileType = text.plist.xml; path = Info.plist; sourceTree = "<group>"; };
		AB5DCF66256706690016C4CA /* WidgetIntroExtExtension.appex */ = {isa = PBXFileReference; explicitFileType = "wrapper.app-extension"; includeInIndex = 0; path = WidgetIntroExtExtension.appex; sourceTree = BUILT_PRODUCTS_DIR; };
		AB5DCF68256706690016C4CA /* WidgetKit.framework */ = {isa = PBXFileReference; lastKnownFileType = wrapper.framework; name = WidgetKit.framework; path = System/Library/Frameworks/WidgetKit.framework; sourceTree = SDKROOT; };
		AB5DCF6A256706690016C4CA /* SwiftUI.framework */ = {isa = PBXFileReference; lastKnownFileType = wrapper.framework; name = SwiftUI.framework; path = System/Library/Frameworks/SwiftUI.framework; sourceTree = SDKROOT; };
		AB5DCF6D256706690016C4CA /* WidgetIntroExt.swift */ = {isa = PBXFileReference; lastKnownFileType = sourcecode.swift; path = WidgetIntroExt.swift; sourceTree = "<group>"; };
		AB5DCF6F256706690016C4CA /* WidgetIntroExt.intentdefinition */ = {isa = PBXFileReference; lastKnownFileType = file.intentdefinition; path = WidgetIntroExt.intentdefinition; sourceTree = "<group>"; };
		AB5DCF702567066B0016C4CA /* Assets.xcassets */ = {isa = PBXFileReference; lastKnownFileType = folder.assetcatalog; path = Assets.xcassets; sourceTree = "<group>"; };
		AB5DCF722567066B0016C4CA /* Info.plist */ = {isa = PBXFileReference; lastKnownFileType = text.plist.xml; path = Info.plist; sourceTree = "<group>"; };
		AB5DCF7E25670E160016C4CA /* InfoboxView.swift */ = {isa = PBXFileReference; lastKnownFileType = sourcecode.swift; path = InfoboxView.swift; sourceTree = "<group>"; };
/* End PBXFileReference section */

/* Begin PBXFrameworksBuildPhase section */
		AB5DCF4C256704990016C4CA /* Frameworks */ = {
			isa = PBXFrameworksBuildPhase;
			buildActionMask = 2147483647;
			files = (
			);
			runOnlyForDeploymentPostprocessing = 0;
		};
		AB5DCF63256706690016C4CA /* Frameworks */ = {
			isa = PBXFrameworksBuildPhase;
			buildActionMask = 2147483647;
			files = (
				AB5DCF6B256706690016C4CA /* SwiftUI.framework in Frameworks */,
				AB5DCF69256706690016C4CA /* WidgetKit.framework in Frameworks */,
			);
			runOnlyForDeploymentPostprocessing = 0;
		};
/* End PBXFrameworksBuildPhase section */

/* Begin PBXGroup section */
		AB5DCF46256704990016C4CA = {
			isa = PBXGroup;
			children = (
				AB5DCF51256704990016C4CA /* WidgetIntro */,
				AB5DCF6C256706690016C4CA /* WidgetIntroExt */,
				AB5DCF67256706690016C4CA /* Frameworks */,
				AB5DCF50256704990016C4CA /* Products */,
			);
			sourceTree = "<group>";
		};
		AB5DCF50256704990016C4CA /* Products */ = {
			isa = PBXGroup;
			children = (
				AB5DCF4F256704990016C4CA /* WidgetIntro.app */,
				AB5DCF66256706690016C4CA /* WidgetIntroExtExtension.appex */,
			);
			name = Products;
			sourceTree = "<group>";
		};
		AB5DCF51256704990016C4CA /* WidgetIntro */ = {
			isa = PBXGroup;
			children = (
				AB5DCF52256704990016C4CA /* WidgetIntroApp.swift */,
				AB5DCF54256704990016C4CA /* ContentView.swift */,
				AB5DCF7E25670E160016C4CA /* InfoboxView.swift */,
				AB5DCF562567049C0016C4CA /* Assets.xcassets */,
				AB5DCF5B2567049C0016C4CA /* Info.plist */,
				AB5DCF582567049C0016C4CA /* Preview Content */,
			);
			path = WidgetIntro;
			sourceTree = "<group>";
		};
		AB5DCF582567049C0016C4CA /* Preview Content */ = {
			isa = PBXGroup;
			children = (
				AB5DCF592567049C0016C4CA /* Preview Assets.xcassets */,
			);
			path = "Preview Content";
			sourceTree = "<group>";
		};
		AB5DCF67256706690016C4CA /* Frameworks */ = {
			isa = PBXGroup;
			children = (
				AB5DCF68256706690016C4CA /* WidgetKit.framework */,
				AB5DCF6A256706690016C4CA /* SwiftUI.framework */,
			);
			name = Frameworks;
			sourceTree = "<group>";
		};
		AB5DCF6C256706690016C4CA /* WidgetIntroExt */ = {
			isa = PBXGroup;
			children = (
				AB5DCF6D256706690016C4CA /* WidgetIntroExt.swift */,
				AB5DCF6F256706690016C4CA /* WidgetIntroExt.intentdefinition */,
				AB5DCF702567066B0016C4CA /* Assets.xcassets */,
				AB5DCF722567066B0016C4CA /* Info.plist */,
			);
			path = WidgetIntroExt;
			sourceTree = "<group>";
		};
/* End PBXGroup section */

/* Begin PBXNativeTarget section */
		AB5DCF4E256704990016C4CA /* WidgetIntro */ = {
			isa = PBXNativeTarget;
			buildConfigurationList = AB5DCF5E2567049C0016C4CA /* Build configuration list for PBXNativeTarget "WidgetIntro" */;
			buildPhases = (
				AB5DCF4B256704990016C4CA /* Sources */,
				AB5DCF4C256704990016C4CA /* Frameworks */,
				AB5DCF4D256704990016C4CA /* Resources */,
				AB5DCF7B2567066B0016C4CA /* Embed App Extensions */,
			);
			buildRules = (
			);
			dependencies = (
				AB5DCF762567066B0016C4CA /* PBXTargetDependency */,
			);
			name = WidgetIntro;
			productName = WidgetIntro;
			productReference = AB5DCF4F256704990016C4CA /* WidgetIntro.app */;
			productType = "com.apple.product-type.application";
		};
		AB5DCF65256706690016C4CA /* WidgetIntroExtExtension */ = {
			isa = PBXNativeTarget;
			buildConfigurationList = AB5DCF782567066B0016C4CA /* Build configuration list for PBXNativeTarget "WidgetIntroExtExtension" */;
			buildPhases = (
				AB5DCF62256706690016C4CA /* Sources */,
				AB5DCF63256706690016C4CA /* Frameworks */,
				AB5DCF64256706690016C4CA /* Resources */,
			);
			buildRules = (
			);
			dependencies = (
			);
			name = WidgetIntroExtExtension;
			productName = WidgetIntroExtExtension;
			productReference = AB5DCF66256706690016C4CA /* WidgetIntroExtExtension.appex */;
			productType = "com.apple.product-type.app-extension";
		};
/* End PBXNativeTarget section */

/* Begin PBXProject section */
		AB5DCF47256704990016C4CA /* Project object */ = {
			isa = PBXProject;
			attributes = {
				LastSwiftUpdateCheck = 1220;
				LastUpgradeCheck = 1220;
				TargetAttributes = {
					AB5DCF4E256704990016C4CA = {
						CreatedOnToolsVersion = 12.2;
					};
					AB5DCF65256706690016C4CA = {
						CreatedOnToolsVersion = 12.2;
					};
				};
			};
			buildConfigurationList = AB5DCF4A256704990016C4CA /* Build configuration list for PBXProject "WidgetIntro" */;
			compatibilityVersion = "Xcode 9.3";
			developmentRegion = en;
			hasScannedForEncodings = 0;
			knownRegions = (
				en,
				Base,
			);
			mainGroup = AB5DCF46256704990016C4CA;
			productRefGroup = AB5DCF50256704990016C4CA /* Products */;
			projectDirPath = "";
			projectRoot = "";
			targets = (
				AB5DCF4E256704990016C4CA /* WidgetIntro */,
				AB5DCF65256706690016C4CA /* WidgetIntroExtExtension */,
			);
		};
/* End PBXProject section */

/* Begin PBXResourcesBuildPhase section */
		AB5DCF4D256704990016C4CA /* Resources */ = {
			isa = PBXResourcesBuildPhase;
			buildActionMask = 2147483647;
			files = (
				AB5DCF5A2567049C0016C4CA /* Preview Assets.xcassets in Resources */,
				AB5DCF572567049C0016C4CA /* Assets.xcassets in Resources */,
			);
			runOnlyForDeploymentPostprocessing = 0;
		};
		AB5DCF64256706690016C4CA /* Resources */ = {
			isa = PBXResourcesBuildPhase;
			buildActionMask = 2147483647;
			files = (
				AB5DCF712567066B0016C4CA /* Assets.xcassets in Resources */,
			);
			runOnlyForDeploymentPostprocessing = 0;
		};
/* End PBXResourcesBuildPhase section */

/* Begin PBXSourcesBuildPhase section */
		AB5DCF4B256704990016C4CA /* Sources */ = {
			isa = PBXSourcesBuildPhase;
			buildActionMask = 2147483647;
			files = (
				AB5DCF7F25670E160016C4CA /* InfoboxView.swift in Sources */,
				AB5DCF55256704990016C4CA /* ContentView.swift in Sources */,
				AB5DCF53256704990016C4CA /* WidgetIntroApp.swift in Sources */,
				AB5DCF742567066B0016C4CA /* WidgetIntroExt.intentdefinition in Sources */,
			);
			runOnlyForDeploymentPostprocessing = 0;
		};
		AB5DCF62256706690016C4CA /* Sources */ = {
			isa = PBXSourcesBuildPhase;
			buildActionMask = 2147483647;
			files = (
				AB5DCF6E256706690016C4CA /* WidgetIntroExt.swift in Sources */,
				AB5DCF8225670EC80016C4CA /* InfoboxView.swift in Sources */,
				AB5DCF732567066B0016C4CA /* WidgetIntroExt.intentdefinition in Sources */,
			);
			runOnlyForDeploymentPostprocessing = 0;
		};
/* End PBXSourcesBuildPhase section */

/* Begin PBXTargetDependency section */
		AB5DCF762567066B0016C4CA /* PBXTargetDependency */ = {
			isa = PBXTargetDependency;
			target = AB5DCF65256706690016C4CA /* WidgetIntroExtExtension */;
			targetProxy = AB5DCF752567066B0016C4CA /* PBXContainerItemProxy */;
		};
/* End PBXTargetDependency section */

/* Begin XCBuildConfiguration section */
		AB5DCF5C2567049C0016C4CA /* Debug */ = {
			isa = XCBuildConfiguration;
			buildSettings = {
				ALWAYS_SEARCH_USER_PATHS = NO;
				CLANG_ANALYZER_NONNULL = YES;
				CLANG_ANALYZER_NUMBER_OBJECT_CONVERSION = YES_AGGRESSIVE;
				CLANG_CXX_LANGUAGE_STANDARD = "gnu++14";
				CLANG_CXX_LIBRARY = "libc++";
				CLANG_ENABLE_MODULES = YES;
				CLANG_ENABLE_OBJC_ARC = YES;
				CLANG_ENABLE_OBJC_WEAK = YES;
				CLANG_WARN_BLOCK_CAPTURE_AUTORELEASING = YES;
				CLANG_WARN_BOOL_CONVERSION = YES;
				CLANG_WARN_COMMA = YES;
				CLANG_WARN_CONSTANT_CONVERSION = YES;
				CLANG_WARN_DEPRECATED_OBJC_IMPLEMENTATIONS = YES;
				CLANG_WARN_DIRECT_OBJC_ISA_USAGE = YES_ERROR;
				CLANG_WARN_DOCUMENTATION_COMMENTS = YES;
				CLANG_WARN_EMPTY_BODY = YES;
				CLANG_WARN_ENUM_CONVERSION = YES;
				CLANG_WARN_INFINITE_RECURSION = YES;
				CLANG_WARN_INT_CONVERSION = YES;
				CLANG_WARN_NON_LITERAL_NULL_CONVERSION = YES;
				CLANG_WARN_OBJC_IMPLICIT_RETAIN_SELF = YES;
				CLANG_WARN_OBJC_LITERAL_CONVERSION = YES;
				CLANG_WARN_OBJC_ROOT_CLASS = YES_ERROR;
				CLANG_WARN_QUOTED_INCLUDE_IN_FRAMEWORK_HEADER = YES;
				CLANG_WARN_RANGE_LOOP_ANALYSIS = YES;
				CLANG_WARN_STRICT_PROTOTYPES = YES;
				CLANG_WARN_SUSPICIOUS_MOVE = YES;
				CLANG_WARN_UNGUARDED_AVAILABILITY = YES_AGGRESSIVE;
				CLANG_WARN_UNREACHABLE_CODE = YES;
				CLANG_WARN__DUPLICATE_METHOD_MATCH = YES;
				COPY_PHASE_STRIP = NO;
				DEBUG_INFORMATION_FORMAT = dwarf;
				ENABLE_STRICT_OBJC_MSGSEND = YES;
				ENABLE_TESTABILITY = YES;
				GCC_C_LANGUAGE_STANDARD = gnu11;
				GCC_DYNAMIC_NO_PIC = NO;
				GCC_NO_COMMON_BLOCKS = YES;
				GCC_OPTIMIZATION_LEVEL = 0;
				GCC_PREPROCESSOR_DEFINITIONS = (
					"DEBUG=1",
					"$(inherited)",
				);
				GCC_WARN_64_TO_32_BIT_CONVERSION = YES;
				GCC_WARN_ABOUT_RETURN_TYPE = YES_ERROR;
				GCC_WARN_UNDECLARED_SELECTOR = YES;
				GCC_WARN_UNINITIALIZED_AUTOS = YES_AGGRESSIVE;
				GCC_WARN_UNUSED_FUNCTION = YES;
				GCC_WARN_UNUSED_VARIABLE = YES;
				IPHONEOS_DEPLOYMENT_TARGET = 14.2;
				MTL_ENABLE_DEBUG_INFO = INCLUDE_SOURCE;
				MTL_FAST_MATH = YES;
				ONLY_ACTIVE_ARCH = YES;
				SDKROOT = iphoneos;
				SWIFT_ACTIVE_COMPILATION_CONDITIONS = DEBUG;
				SWIFT_OPTIMIZATION_LEVEL = "-Onone";
			};
			name = Debug;
		};
		AB5DCF5D2567049C0016C4CA /* Release */ = {
			isa = XCBuildConfiguration;
			buildSettings = {
				ALWAYS_SEARCH_USER_PATHS = NO;
				CLANG_ANALYZER_NONNULL = YES;
				CLANG_ANALYZER_NUMBER_OBJECT_CONVERSION = YES_AGGRESSIVE;
				CLANG_CXX_LANGUAGE_STANDARD = "gnu++14";
				CLANG_CXX_LIBRARY = "libc++";
				CLANG_ENABLE_MODULES = YES;
				CLANG_ENABLE_OBJC_ARC = YES;
				CLANG_ENABLE_OBJC_WEAK = YES;
				CLANG_WARN_BLOCK_CAPTURE_AUTORELEASING = YES;
				CLANG_WARN_BOOL_CONVERSION = YES;
				CLANG_WARN_COMMA = YES;
				CLANG_WARN_CONSTANT_CONVERSION = YES;
				CLANG_WARN_DEPRECATED_OBJC_IMPLEMENTATIONS = YES;
				CLANG_WARN_DIRECT_OBJC_ISA_USAGE = YES_ERROR;
				CLANG_WARN_DOCUMENTATION_COMMENTS = YES;
				CLANG_WARN_EMPTY_BODY = YES;
				CLANG_WARN_ENUM_CONVERSION = YES;
				CLANG_WARN_INFINITE_RECURSION = YES;
				CLANG_WARN_INT_CONVERSION = YES;
				CLANG_WARN_NON_LITERAL_NULL_CONVERSION = YES;
				CLANG_WARN_OBJC_IMPLICIT_RETAIN_SELF = YES;
				CLANG_WARN_OBJC_LITERAL_CONVERSION = YES;
				CLANG_WARN_OBJC_ROOT_CLASS = YES_ERROR;
				CLANG_WARN_QUOTED_INCLUDE_IN_FRAMEWORK_HEADER = YES;
				CLANG_WARN_RANGE_LOOP_ANALYSIS = YES;
				CLANG_WARN_STRICT_PROTOTYPES = YES;
				CLANG_WARN_SUSPICIOUS_MOVE = YES;
				CLANG_WARN_UNGUARDED_AVAILABILITY = YES_AGGRESSIVE;
				CLANG_WARN_UNREACHABLE_CODE = YES;
				CLANG_WARN__DUPLICATE_METHOD_MATCH = YES;
				COPY_PHASE_STRIP = NO;
				DEBUG_INFORMATION_FORMAT = "dwarf-with-dsym";
				ENABLE_NS_ASSERTIONS = NO;
				ENABLE_STRICT_OBJC_MSGSEND = YES;
				GCC_C_LANGUAGE_STANDARD = gnu11;
				GCC_NO_COMMON_BLOCKS = YES;
				GCC_WARN_64_TO_32_BIT_CONVERSION = YES;
				GCC_WARN_ABOUT_RETURN_TYPE = YES_ERROR;
				GCC_WARN_UNDECLARED_SELECTOR = YES;
				GCC_WARN_UNINITIALIZED_AUTOS = YES_AGGRESSIVE;
				GCC_WARN_UNUSED_FUNCTION = YES;
				GCC_WARN_UNUSED_VARIABLE = YES;
				IPHONEOS_DEPLOYMENT_TARGET = 14.2;
				MTL_ENABLE_DEBUG_INFO = NO;
				MTL_FAST_MATH = YES;
				SDKROOT = iphoneos;
				SWIFT_COMPILATION_MODE = wholemodule;
				SWIFT_OPTIMIZATION_LEVEL = "-O";
				VALIDATE_PRODUCT = YES;
			};
			name = Release;
		};
		AB5DCF5F2567049C0016C4CA /* Debug */ = {
			isa = XCBuildConfiguration;
			buildSettings = {
				ALWAYS_EMBED_SWIFT_STANDARD_LIBRARIES = YES;
				ASSETCATALOG_COMPILER_APPICON_NAME = AppIcon;
				ASSETCATALOG_COMPILER_GLOBAL_ACCENT_COLOR_NAME = AccentColor;
				CODE_SIGN_STYLE = Automatic;
				DEVELOPMENT_ASSET_PATHS = "\"WidgetIntro/Preview Content\"";
				ENABLE_PREVIEWS = YES;
				INFOPLIST_FILE = WidgetIntro/Info.plist;
				IPHONEOS_DEPLOYMENT_TARGET = 14.0;
				LD_RUNPATH_SEARCH_PATHS = (
					"$(inherited)",
					"@executable_path/Frameworks",
				);
				PRODUCT_BUNDLE_IDENTIFIER = se.magictechnology.WidgetIntro;
				PRODUCT_NAME = "$(TARGET_NAME)";
				SWIFT_VERSION = 5.0;
				TARGETED_DEVICE_FAMILY = "1,2";
			};
			name = Debug;
		};
		AB5DCF602567049C0016C4CA /* Release */ = {
			isa = XCBuildConfiguration;
			buildSettings = {
				ALWAYS_EMBED_SWIFT_STANDARD_LIBRARIES = YES;
				ASSETCATALOG_COMPILER_APPICON_NAME = AppIcon;
				ASSETCATALOG_COMPILER_GLOBAL_ACCENT_COLOR_NAME = AccentColor;
				CODE_SIGN_STYLE = Automatic;
				DEVELOPMENT_ASSET_PATHS = "\"WidgetIntro/Preview Content\"";
				ENABLE_PREVIEWS = YES;
				INFOPLIST_FILE = WidgetIntro/Info.plist;
				IPHONEOS_DEPLOYMENT_TARGET = 14.0;
				LD_RUNPATH_SEARCH_PATHS = (
					"$(inherited)",
					"@executable_path/Frameworks",
				);
				PRODUCT_BUNDLE_IDENTIFIER = se.magictechnology.WidgetIntro;
				PRODUCT_NAME = "$(TARGET_NAME)";
				SWIFT_VERSION = 5.0;
				TARGETED_DEVICE_FAMILY = "1,2";
			};
			name = Release;
		};
		AB5DCF792567066B0016C4CA /* Debug */ = {
			isa = XCBuildConfiguration;
			buildSettings = {
				ASSETCATALOG_COMPILER_GLOBAL_ACCENT_COLOR_NAME = AccentColor;
				ASSETCATALOG_COMPILER_WIDGET_BACKGROUND_COLOR_NAME = WidgetBackground;
				CODE_SIGN_STYLE = Automatic;
				INFOPLIST_FILE = WidgetIntroExt/Info.plist;
				LD_RUNPATH_SEARCH_PATHS = (
					"$(inherited)",
					"@executable_path/Frameworks",
					"@executable_path/../../Frameworks",
				);
				PRODUCT_BUNDLE_IDENTIFIER = se.magictechnology.WidgetIntro.WidgetIntroExt;
				PRODUCT_NAME = "$(TARGET_NAME)";
				SKIP_INSTALL = YES;
				SWIFT_VERSION = 5.0;
				TARGETED_DEVICE_FAMILY = "1,2";
			};
			name = Debug;
		};
		AB5DCF7A2567066B0016C4CA /* Release */ = {
			isa = XCBuildConfiguration;
			buildSettings = {
				ASSETCATALOG_COMPILER_GLOBAL_ACCENT_COLOR_NAME = AccentColor;
				ASSETCATALOG_COMPILER_WIDGET_BACKGROUND_COLOR_NAME = WidgetBackground;
				CODE_SIGN_STYLE = Automatic;
				INFOPLIST_FILE = WidgetIntroExt/Info.plist;
				LD_RUNPATH_SEARCH_PATHS = (
					"$(inherited)",
					"@executable_path/Frameworks",
					"@executable_path/../../Frameworks",
				);
				PRODUCT_BUNDLE_IDENTIFIER = se.magictechnology.WidgetIntro.WidgetIntroExt;
				PRODUCT_NAME = "$(TARGET_NAME)";
				SKIP_INSTALL = YES;
				SWIFT_VERSION = 5.0;
				TARGETED_DEVICE_FAMILY = "1,2";
			};
			name = Release;
		};
/* End XCBuildConfiguration section */

/* Begin XCConfigurationList section */
		AB5DCF4A256704990016C4CA /* Build configuration list for PBXProject "WidgetIntro" */ = {
			isa = XCConfigurationList;
			buildConfigurations = (
				AB5DCF5C2567049C0016C4CA /* Debug */,
				AB5DCF5D2567049C0016C4CA /* Release */,
			);
			defaultConfigurationIsVisible = 0;
			defaultConfigurationName = Release;
		};
		AB5DCF5E2567049C0016C4CA /* Build configuration list for PBXNativeTarget "WidgetIntro" */ = {
			isa = XCConfigurationList;
			buildConfigurations = (
				AB5DCF5F2567049C0016C4CA /* Debug */,
				AB5DCF602567049C0016C4CA /* Release */,
			);
			defaultConfigurationIsVisible = 0;
			defaultConfigurationName = Release;
		};
		AB5DCF782567066B0016C4CA /* Build configuration list for PBXNativeTarget "WidgetIntroExtExtension" */ = {
			isa = XCConfigurationList;
			buildConfigurations = (
				AB5DCF792567066B0016C4CA /* Debug */,
				AB5DCF7A2567066B0016C4CA /* Release */,
			);
			defaultConfigurationIsVisible = 0;
			defaultConfigurationName = Release;
		};
/* End XCConfigurationList section */
	};
	rootObject = AB5DCF47256704990016C4CA /* Project object */;
}
